
Microsoft Visual Studio Solution File, Format Version 12.00
# Visual Studio Version 17
VisualStudioVersion = 17.7.34302.85
MinimumVisualStudioVersion = 10.0.40219.1
Project("{FAE04EC0-301F-11D3-BF4B-00C04F79EFBC}") = "ExportEnvelopes", "ExportEnvelopes.csproj", "{9C4B4117-D680-4467-8694-668C4C85CA29}"
EndProject
Global
	GlobalSection(SolutionConfigurationPlatforms) = preSolution
		Debug|Any CPU = Debug|Any CPU
		Release|Any CPU = Release|Any CPU
	EndGlobalSection
	GlobalSection(ProjectConfigurationPlatforms) = postSolution
		{9C4B4117-D680-4467-8694-668C4C85CA29}.Debug|Any CPU.ActiveCfg = Debug|Any CPU
		{9C4B4117-D680-4467-8694-668C4C85CA29}.Debug|Any CPU.Build.0 = Debug|Any CPU
		{9C4B4117-D680-4467-8694-668C4C85CA29}.Release|Any CPU.ActiveCfg = Release|Any CPU
		{9C4B4117-D680-4467-8694-668C4C85CA29}.Release|Any CPU.Build.0 = Release|Any CPU
	EndGlobalSection
	GlobalSection(SolutionProperties) = preSolution
		HideSolutionNode = FALSE
	EndGlobalSection
	GlobalSection(ExtensibilityGlobals) = postSolution
		SolutionGuid = {C9630FD1-ED20-4E1E-A084-8E271E9FAD94}
	EndGlobalSection
EndGlobal
